{
  "name": "na-dee-project",
  "lockfileVersion": 3,
  "requires": true,
  "packages": {
    "": {
      "name": "na-dee-project",
      "dependencies": {
        "@netlify/blobs": "^7.0.1",
        "bcryptjs": "^3.0.3"
      }
    },
    "node_modules/@netlify/blobs": {
      "version": "7.4.0",
      "resolved": "https://registry.npmjs.org/@netlify/blobs/-/blobs-7.4.0.tgz",
      "integrity": "sha512-7rdPzo8bggt3D2CVO+U1rmEtxxs8X7cLusDbHZRJaMlxqxBD05mXgThj5DUJMFOvmfVjhEH/S/3AyiLUbDQGDg==",
      "license": "MIT",
      "engines": {
        "node": "^14.16.0 || >=16.0.0"
      }
    },
    "node_modules/bcryptjs": {
      "version": "3.0.3",
      "resolved": "https://registry.npmjs.org/bcryptjs/-/bcryptjs-3.0.3.tgz",
      "integrity": "sha512-GlF5wPWnSa/X5LKM1o0wz0suXIINz1iHRLvTS+sLyi7XPbe5ycmYI3DlZqVGZZtDgl4DmasFg7gOB3JYbphV5g==",
      "license": "BSD-3-Clause",
      "bin": {
        "bcrypt": "bin/bcrypt"
      }
    }
  }
}
